
Microsoft Visual Studio Solution File, Format Version 12.00
# Visual Studio Version 17
VisualStudioVersion = 17.10.35027.167
MinimumVisualStudioVersion = 10.0.40219.1
Project("{FAE04EC0-301F-11D3-BF4B-00C04F79EFBC}") = "SampleApp", "SampleApp.csproj", "{C3CD89A8-B460-4A4D-88EA-CBDCA989B51C}"
EndProject
Global
	GlobalSection(SolutionConfigurationPlatforms) = preSolution
		Debug|Any CPU = Debug|Any CPU
		Release|Any CPU = Release|Any CPU
	EndGlobalSection
	GlobalSection(ProjectConfigurationPlatforms) = postSolution
		{C3CD89A8-B460-4A4D-88EA-CBDCA989B51C}.Debug|Any CPU.ActiveCfg = Debug|Any CPU
		{C3CD89A8-B460-4A4D-88EA-CBDCA989B51C}.Debug|Any CPU.Build.0 = Debug|Any CPU
		{C3CD89A8-B460-4A4D-88EA-CBDCA989B51C}.Release|Any CPU.ActiveCfg = Release|Any CPU
		{C3CD89A8-B460-4A4D-88EA-CBDCA989B51C}.Release|Any CPU.Build.0 = Release|Any CPU
	EndGlobalSection
	GlobalSection(SolutionProperties) = preSolution
		HideSolutionNode = FALSE
	EndGlobalSection
	GlobalSection(ExtensibilityGlobals) = postSolution
		SolutionGuid = {1668FD52-502A-4FD8-B099-5DD2F91D55F1}
	EndGlobalSection
EndGlobal
